version = 1
revision = 3
requires-python = ">=3.12"

[[package]]
name = "colorama"
version = "0.4.6"
source = { registry = "https://pypi.org/simple" }
sdist = { url = "https://files.pythonhosted.org/packages/d8/53/6f443c9a4a8358a93a6792e2acffb9d9d5cb0a5cfd8802644b7b1c9a02e4/colorama-0.4.6.tar.gz", hash = "sha256:08695f5cb7ed6e0531a20572697297273c47b8cae5a63ffc6d6ed5c201be6e44", size = 27697, upload-time = "2022-10-25T02:36:22.414Z" }
wheels = [
    { url = "https://files.pythonhosted.org/packages/d1/d6/3965ed04c63042e047cb6a3e6ed1a63a35087b6a609aa3a15ed8ac56c221/colorama-0.4.6-py2.py3-none-any.whl", hash = "sha256:4f1d9991f5acc0ca119f9d443620b77f9d6b33703e51011c16baf57afb285fc6", size = 25335, upload-time = "2022-10-25T02:36:20.889Z" },
]

[[package]]
name = "coverage"
version = "7.11.3"
source = { registry = "https://pypi.org/simple" }
sdist = { url = "https://files.pythonhosted.org/packages/d2/59/9698d57a3b11704c7b89b21d69e9d23ecf80d538cabb536c8b63f4a12322/coverage-7.11.3.tar.gz", hash = "sha256:0f59387f5e6edbbffec2281affb71cdc85e0776c1745150a3ab9b6c1d016106b", size = 815210, upload-time = "2025-11-10T00:13:17.18Z" }
wheels = [
    { url = "https://files.pythonhosted.org/packages/c2/39/af056ec7a27c487e25c7f6b6e51d2ee9821dba1863173ddf4dc2eebef4f7/coverage-7.11.3-cp312-cp312-macosx_10_13_x86_64.whl", hash = "sha256:5b771b59ac0dfb7f139f70c85b42717ef400a6790abb6475ebac1ecee8de782f", size = 216676, upload-time = "2025-11-10T00:11:11.566Z" },
    { url = "https://files.pythonhosted.org/packages/3c/f8/21126d34b174d037b5d01bea39077725cbb9a0da94a95c5f96929c695433/coverage-7.11.3-cp312-cp312-macosx_11_0_arm64.whl", hash = "sha256:603c4414125fc9ae9000f17912dcfd3d3eb677d4e360b85206539240c96ea76e", size = 217034, upload-time = "2025-11-10T00:11:13.12Z" },
    { url = "https://files.pythonhosted.org/packages/d5/3f/0fd35f35658cdd11f7686303214bd5908225838f374db47f9e457c8d6df8/coverage-7.11.3-cp312-cp312-manylinux1_i686.manylinux_2_28_i686.manylinux_2_5_i686.whl", hash = "sha256:77ffb3b7704eb7b9b3298a01fe4509cef70117a52d50bcba29cffc5f53dd326a", size = 248531, upload-time = "2025-11-10T00:11:15.023Z" },
    { url = "https://files.pythonhosted.org/packages/8f/59/0bfc5900fc15ce4fd186e092451de776bef244565c840c9c026fd50857e1/coverage-7.11.3-cp312-cp312-manylinux1_x86_64.manylinux_2_28_x86_64.manylinux_2_5_x86_64.whl", hash = "sha256:4d4ca49f5ba432b0755ebb0fc3a56be944a19a16bb33802264bbc7311622c0d1", size = 251290, upload-time = "2025-11-10T00:11:16.628Z" },
    { url = "https://files.pythonhosted.org/packages/71/88/d5c184001fa2ac82edf1b8f2cd91894d2230d7c309e937c54c796176e35b/coverage-7.11.3-cp312-cp312-manylinux2014_aarch64.manylinux_2_17_aarch64.manylinux_2_28_aarch64.whl", hash = "sha256:05fd3fb6edff0c98874d752013588836f458261e5eba587afe4c547bba544afd", size = 252375, upload-time = "2025-11-10T00:11:18.249Z" },
    { url = "https://files.pythonhosted.org/packages/5c/29/f60af9f823bf62c7a00ce1ac88441b9a9a467e499493e5cc65028c8b8dd2/coverage-7.11.3-cp312-cp312-manylinux_2_31_riscv64.manylinux_2_39_riscv64.whl", hash = "sha256:0e920567f8c3a3ce68ae5a42cf7c2dc4bb6cc389f18bff2235dd8c03fa405de5", size = 248946, upload-time = "2025-11-10T00:11:20.202Z" },
    { url = "https://files.pythonhosted.org/packages/67/16/4662790f3b1e03fce5280cad93fd18711c35980beb3c6f28dca41b5230c6/coverage-7.11.3-cp312-cp312-musllinux_1_2_aarch64.whl", hash = "sha256:4bec8c7160688bd5a34e65c82984b25409563134d63285d8943d0599efbc448e", size = 250310, upload-time = "2025-11-10T00:11:21.689Z" },
    { url = "https://files.pythonhosted.org/packages/8f/75/dd6c2e28308a83e5fc1ee602f8204bd3aa5af685c104cb54499230cf56db/coverage-7.11.3-cp312-cp312-musllinux_1_2_i686.whl", hash = "sha256:adb9b7b42c802bd8cb3927de8c1c26368ce50c8fdaa83a9d8551384d77537044", size = 248461, upload-time = "2025-11-10T00:11:23.384Z" },
    { url = "https://files.pythonhosted.org/packages/16/fe/b71af12be9f59dc9eb060688fa19a95bf3223f56c5af1e9861dfa2275d2c/coverage-7.11.3-cp312-cp312-musllinux_1_2_riscv64.whl", hash = "sha256:c8f563b245b4ddb591e99f28e3cd140b85f114b38b7f95b2e42542f0603eb7d7", size = 248039, upload-time = "2025-11-10T00:11:25.07Z" },
    { url = "https://files.pythonhosted.org/packages/11/b8/023b2003a2cd96bdf607afe03d9b96c763cab6d76e024abe4473707c4eb8/coverage-7.11.3-cp312-cp312-musllinux_1_2_x86_64.whl", hash = "sha256:e2a96fdc7643c9517a317553aca13b5cae9bad9a5f32f4654ce247ae4d321405", size = 249903, upload-time = "2025-11-10T00:11:26.992Z" },
    { url = "https://files.pythonhosted.org/packages/d6/ee/5f1076311aa67b1fa4687a724cc044346380e90ce7d94fec09fd384aa5fd/coverage-7.11.3-cp312-cp312-win32.whl", hash = "sha256:e8feeb5e8705835f0622af0fe7ff8d5cb388948454647086494d6c41ec142c2e", size = 219201, upload-time = "2025-11-10T00:11:28.619Z" },
    { url = "https://files.pythonhosted.org/packages/4f/24/d21688f48fe9fcc778956680fd5aaf69f4e23b245b7c7a4755cbd421d25b/coverage-7.11.3-cp312-cp312-win_amd64.whl", hash = "sha256:abb903ffe46bd319d99979cdba350ae7016759bb69f47882242f7b93f3356055", size = 220012, upload-time = "2025-11-10T00:11:30.234Z" },
    { url = "https://files.pythonhosted.org/packages/4f/9e/d5eb508065f291456378aa9b16698b8417d87cb084c2b597f3beb00a8084/coverage-7.11.3-cp312-cp312-win_arm64.whl", hash = "sha256:1451464fd855d9bd000c19b71bb7dafea9ab815741fb0bd9e813d9b671462d6f", size = 218652, upload-time = "2025-11-10T00:11:32.165Z" },
    { url = "https://files.pythonhosted.org/packages/6d/f6/d8572c058211c7d976f24dab71999a565501fb5b3cdcb59cf782f19c4acb/coverage-7.11.3-cp313-cp313-macosx_10_13_x86_64.whl", hash = "sha256:84b892e968164b7a0498ddc5746cdf4e985700b902128421bb5cec1080a6ee36", size = 216694, upload-time = "2025-11-10T00:11:34.296Z" },
    { url = "https://files.pythonhosted.org/packages/4a/f6/b6f9764d90c0ce1bce8d995649fa307fff21f4727b8d950fa2843b7b0de5/coverage-7.11.3-cp313-cp313-macosx_11_0_arm64.whl", hash = "sha256:f761dbcf45e9416ec4698e1a7649248005f0064ce3523a47402d1bff4af2779e", size = 217065, upload-time = "2025-11-10T00:11:36.281Z" },
    { url = "https://files.pythonhosted.org/packages/a5/8d/a12cb424063019fd077b5be474258a0ed8369b92b6d0058e673f0a945982/coverage-7.11.3-cp313-cp313-manylinux1_i686.manylinux_2_28_i686.manylinux_2_5_i686.whl", hash = "sha256:1410bac9e98afd9623f53876fae7d8a5db9f5a0ac1c9e7c5188463cb4b3212e2", size = 248062, upload-time = "2025-11-10T00:11:37.903Z" },
    { url = "https://files.pythonhosted.org/packages/7f/9c/dab1a4e8e75ce053d14259d3d7485d68528a662e286e184685ea49e71156/coverage-7.11.3-cp313-cp313-manylinux1_x86_64.manylinux_2_28_x86_64.manylinux_2_5_x86_64.whl", hash = "sha256:004cdcea3457c0ea3233622cd3464c1e32ebba9b41578421097402bee6461b63", size = 250657, upload-time = "2025-11-10T00:11:39.509Z" },
    { url = "https://files.pythonhosted.org/packages/3f/89/a14f256438324f33bae36f9a1a7137729bf26b0a43f5eda60b147ec7c8c7/coverage-7.11.3-cp313-cp313-manylinux2014_aarch64.manylinux_2_17_aarch64.manylinux_2_28_aarch64.whl", hash = "sha256:8f067ada2c333609b52835ca4d4868645d3b63ac04fb2b9a658c55bba7f667d3", size = 251900, upload-time = "2025-11-10T00:11:41.372Z" },
    { url = "https://files.pythonhosted.org/packages/04/07/75b0d476eb349f1296486b1418b44f2d8780cc8db47493de3755e5340076/coverage-7.11.3-cp313-cp313-manylinux_2_31_riscv64.manylinux_2_39_riscv64.whl", hash = "sha256:07bc7745c945a6d95676953e86ba7cebb9f11de7773951c387f4c07dc76d03f5", size = 248254, upload-time = "2025-11-10T00:11:43.27Z" },
    { url = "https://files.pythonhosted.org/packages/5a/4b/0c486581fa72873489ca092c52792d008a17954aa352809a7cbe6cf0bf07/coverage-7.11.3-cp313-cp313-musllinux_1_2_aarch64.whl", hash = "sha256:8bba7e4743e37484ae17d5c3b8eb1ce78b564cb91b7ace2e2182b25f0f764cb5", size = 250041, upload-time = "2025-11-10T00:11:45.274Z" },
    { url = "https://files.pythonhosted.org/packages/af/a3/0059dafb240ae3e3291f81b8de00e9c511d3dd41d687a227dd4b529be591/coverage-7.11.3-cp313-cp313-musllinux_1_2_i686.whl", hash = "sha256:fbffc22d80d86fbe456af9abb17f7a7766e7b2101f7edaacc3535501691563f7", size = 248004, upload-time = "2025-11-10T00:11:46.93Z" },
    { url = "https://files.pythonhosted.org/packages/83/93/967d9662b1eb8c7c46917dcc7e4c1875724ac3e73c3cb78e86d7a0ac719d/coverage-7.11.3-cp313-cp313-musllinux_1_2_riscv64.whl", hash = "sha256:0dba4da36730e384669e05b765a2c49f39514dd3012fcc0398dd66fba8d746d5", size = 247828, upload-time = "2025-11-10T00:11:48.563Z" },
    { url = "https://files.pythonhosted.org/packages/4c/1c/5077493c03215701e212767e470b794548d817dfc6247a4718832cc71fac/coverage-7.11.3-cp313-cp313-musllinux_1_2_x86_64.whl", hash = "sha256:ae12fe90b00b71a71b69f513773310782ce01d5f58d2ceb2b7c595ab9d222094", size = 249588, upload-time = "2025-11-10T00:11:50.581Z" },
    { url = "https://files.pythonhosted.org/packages/7f/a5/77f64de461016e7da3e05d7d07975c89756fe672753e4cf74417fc9b9052/coverage-7.11.3-cp313-cp313-win32.whl", hash = "sha256:12d821de7408292530b0d241468b698bce18dd12ecaf45316149f53877885f8c", size = 219223, upload-time = "2025-11-10T00:11:52.184Z" },
    { url = "https://files.pythonhosted.org/packages/ed/1c/ec51a3c1a59d225b44bdd3a4d463135b3159a535c2686fac965b698524f4/coverage-7.11.3-cp313-cp313-win_amd64.whl", hash = "sha256:6bb599052a974bb6cedfa114f9778fedfad66854107cf81397ec87cb9b8fbcf2", size = 220033, upload-time = "2025-11-10T00:11:53.871Z" },
    { url = "https://files.pythonhosted.org/packages/01/ec/e0ce39746ed558564c16f2cc25fa95ce6fc9fa8bfb3b9e62855d4386b886/coverage-7.11.3-cp313-cp313-win_arm64.whl", hash = "sha256:bb9d7efdb063903b3fdf77caec7b77c3066885068bdc0d44bc1b0c171033f944", size = 218661, upload-time = "2025-11-10T00:11:55.597Z" },
    { url = "https://files.pythonhosted.org/packages/46/cb/483f130bc56cbbad2638248915d97b185374d58b19e3cc3107359715949f/coverage-7.11.3-cp313-cp313t-macosx_10_13_x86_64.whl", hash = "sha256:fb58da65e3339b3dbe266b607bb936efb983d86b00b03eb04c4ad5b442c58428", size = 217389, upload-time = "2025-11-10T00:11:57.59Z" },
    { url = "https://files.pythonhosted.org/packages/cb/ae/81f89bae3afef75553cf10e62feb57551535d16fd5859b9ee5a2a97ddd27/coverage-7.11.3-cp313-cp313t-macosx_11_0_arm64.whl", hash = "sha256:8d16bbe566e16a71d123cd66382c1315fcd520c7573652a8074a8fe281b38c6a", size = 217742, upload-time = "2025-11-10T00:11:59.519Z" },
    { url = "https://files.pythonhosted.org/packages/db/6e/a0fb897041949888191a49c36afd5c6f5d9f5fd757e0b0cd99ec198a324b/coverage-7.11.3-cp313-cp313t-manylinux1_i686.manylinux_2_28_i686.manylinux_2_5_i686.whl", hash = "sha256:a8258f10059b5ac837232c589a350a2df4a96406d6d5f2a09ec587cbdd539655", size = 259049, upload-time = "2025-11-10T00:12:01.592Z" },
    { url = "https://files.pythonhosted.org/packages/d9/b6/d13acc67eb402d91eb94b9bd60593411799aed09ce176ee8d8c0e39c94ca/coverage-7.11.3-cp313-cp313t-manylinux1_x86_64.manylinux_2_28_x86_64.manylinux_2_5_x86_64.whl", hash = "sha256:4c5627429f7fbff4f4131cfdd6abd530734ef7761116811a707b88b7e205afd7", size = 261113, upload-time = "2025-11-10T00:12:03.639Z" },
    { url = "https://files.pythonhosted.org/packages/ea/07/a6868893c48191d60406df4356aa7f0f74e6de34ef1f03af0d49183e0fa1/coverage-7.11.3-cp313-cp313t-manylinux2014_aarch64.manylinux_2_17_aarch64.manylinux_2_28_aarch64.whl", hash = "sha256:465695268414e149bab754c54b0c45c8ceda73dd4a5c3ba255500da13984b16d", size = 263546, upload-time = "2025-11-10T00:12:05.485Z" },
    { url = "https://files.pythonhosted.org/packages/24/e5/28598f70b2c1098332bac47925806353b3313511d984841111e6e760c016/coverage-7.11.3-cp313-cp313t-manylinux_2_31_riscv64.manylinux_2_39_riscv64.whl", hash = "sha256:4ebcddfcdfb4c614233cff6e9a3967a09484114a8b2e4f2c7a62dc83676ba13f", size = 258260, upload-time = "2025-11-10T00:12:07.137Z" },
    { url = "https://files.pythonhosted.org/packages/0e/58/58e2d9e6455a4ed746a480c4b9cf96dc3cb2a6b8f3efbee5efd33ae24b06/coverage-7.11.3-cp313-cp313t-musllinux_1_2_aarch64.whl", hash = "sha256:13b2066303a1c1833c654d2af0455bb009b6e1727b3883c9964bc5c2f643c1d0", size = 261121, upload-time = "2025-11-10T00:12:09.138Z" },
    { url = "https://files.pythonhosted.org/packages/17/57/38803eefb9b0409934cbc5a14e3978f0c85cb251d2b6f6a369067a7105a0/coverage-7.11.3-cp313-cp313t-musllinux_1_2_i686.whl", hash = "sha256:d8750dd20362a1b80e3cf84f58013d4672f89663aee457ea59336df50fab6739", size = 258736, upload-time = "2025-11-10T00:12:11.195Z" },
    { url = "https://files.pythonhosted.org/packages/a8/f3/f94683167156e93677b3442be1d4ca70cb33718df32a2eea44a5898f04f6/coverage-7.11.3-cp313-cp313t-musllinux_1_2_riscv64.whl", hash = "sha256:ab6212e62ea0e1006531a2234e209607f360d98d18d532c2fa8e403c1afbdd71", size = 257625, upload-time = "2025-11-10T00:12:12.843Z" },
    { url = "https://files.pythonhosted.org/packages/87/ed/42d0bf1bc6bfa7d65f52299a31daaa866b4c11000855d753857fe78260ac/coverage-7.11.3-cp313-cp313t-musllinux_1_2_x86_64.whl", hash = "sha256:a6b17c2b5e0b9bb7702449200f93e2d04cb04b1414c41424c08aa1e5d352da76", size = 259827, upload-time = "2025-11-10T00:12:15.128Z" },
    { url = "https://files.pythonhosted.org/packages/d3/76/5682719f5d5fbedb0c624c9851ef847407cae23362deb941f185f489c54e/coverage-7.11.3-cp313-cp313t-win32.whl", hash = "sha256:426559f105f644b69290ea414e154a0d320c3ad8a2bb75e62884731f69cf8e2c", size = 219897, upload-time = "2025-11-10T00:12:17.274Z" },
    { url = "https://files.pythonhosted.org/packages/10/e0/1da511d0ac3d39e6676fa6cc5ec35320bbf1cebb9b24e9ee7548ee4e931a/coverage-7.11.3-cp313-cp313t-win_amd64.whl", hash = "sha256:90a96fcd824564eae6137ec2563bd061d49a32944858d4bdbae5c00fb10e76ac", size = 220959, upload-time = "2025-11-10T00:12:19.292Z" },
    { url = "https://files.pythonhosted.org/packages/e5/9d/e255da6a04e9ec5f7b633c54c0fdfa221a9e03550b67a9c83217de12e96c/coverage-7.11.3-cp313-cp313t-win_arm64.whl", hash = "sha256:1e33d0bebf895c7a0905fcfaff2b07ab900885fc78bba2a12291a2cfbab014cc", size = 219234, upload-time = "2025-11-10T00:12:21.251Z" },
    { url = "https://files.pythonhosted.org/packages/84/d6/634ec396e45aded1772dccf6c236e3e7c9604bc47b816e928f32ce7987d1/coverage-7.11.3-cp314-cp314-macosx_10_15_x86_64.whl", hash = "sha256:fdc5255eb4815babcdf236fa1a806ccb546724c8a9b129fd1ea4a5448a0bf07c", size = 216746, upload-time = "2025-11-10T00:12:23.089Z" },
    { url = "https://files.pythonhosted.org/packages/28/76/1079547f9d46f9c7c7d0dad35b6873c98bc5aa721eeabceafabd722cd5e7/coverage-7.11.3-cp314-cp314-macosx_11_0_arm64.whl", hash = "sha256:fe3425dc6021f906c6325d3c415e048e7cdb955505a94f1eb774dafc779ba203", size = 217077, upload-time = "2025-11-10T00:12:24.863Z" },
    { url = "https://files.pythonhosted.org/packages/2d/71/6ad80d6ae0d7cb743b9a98df8bb88b1ff3dc54491508a4a97549c2b83400/coverage-7.11.3-cp314-cp314-manylinux1_i686.manylinux_2_28_i686.manylinux_2_5_i686.whl", hash = "sha256:4ca5f876bf41b24378ee67c41d688155f0e54cdc720de8ef9ad6544005899240", size = 248122, upload-time = "2025-11-10T00:12:26.553Z" },
    { url = "https://files.pythonhosted.org/packages/20/1d/784b87270784b0b88e4beec9d028e8d58f73ae248032579c63ad2ac6f69a/coverage-7.11.3-cp314-cp314-manylinux1_x86_64.manylinux_2_28_x86_64.manylinux_2_5_x86_64.whl", hash = "sha256:9061a3e3c92b27fd8036dafa26f25d95695b6aa2e4514ab16a254f297e664f83", size = 250638, upload-time = "2025-11-10T00:12:28.555Z" },
    { url = "https://files.pythonhosted.org/packages/f5/26/b6dd31e23e004e9de84d1a8672cd3d73e50f5dae65dbd0f03fa2cdde6100/coverage-7.11.3-cp314-cp314-manylinux2014_aarch64.manylinux_2_17_aarch64.manylinux_2_28_aarch64.whl", hash = "sha256:abcea3b5f0dc44e1d01c27090bc32ce6ffb7aa665f884f1890710454113ea902", size = 251972, upload-time = "2025-11-10T00:12:30.246Z" },
    { url = "https://files.pythonhosted.org/packages/c9/ef/f9c64d76faac56b82daa036b34d4fe9ab55eb37f22062e68e9470583e688/coverage-7.11.3-cp314-cp314-manylinux_2_31_riscv64.manylinux_2_39_riscv64.whl", hash = "sha256:68c4eb92997dbaaf839ea13527be463178ac0ddd37a7ac636b8bc11a51af2428", size = 248147, upload-time = "2025-11-10T00:12:32.195Z" },
    { url = "https://files.pythonhosted.org/packages/b6/eb/5b666f90a8f8053bd264a1ce693d2edef2368e518afe70680070fca13ecd/coverage-7.11.3-cp314-cp314-musllinux_1_2_aarch64.whl", hash = "sha256:149eccc85d48c8f06547534068c41d69a1a35322deaa4d69ba1561e2e9127e75", size = 249995, upload-time = "2025-11-10T00:12:33.969Z" },
    { url = "https://files.pythonhosted.org/packages/eb/7b/871e991ffb5d067f8e67ffb635dabba65b231d6e0eb724a4a558f4a702a5/coverage-7.11.3-cp314-cp314-musllinux_1_2_i686.whl", hash = "sha256:08c0bcf932e47795c49f0406054824b9d45671362dfc4269e0bc6e4bff010704", size = 247948, upload-time = "2025-11-10T00:12:36.341Z" },
    { url = "https://files.pythonhosted.org/packages/0a/8b/ce454f0af9609431b06dbe5485fc9d1c35ddc387e32ae8e374f49005748b/coverage-7.11.3-cp314-cp314-musllinux_1_2_riscv64.whl", hash = "sha256:39764c6167c82d68a2d8c97c33dba45ec0ad9172570860e12191416f4f8e6e1b", size = 247770, upload-time = "2025-11-10T00:12:38.167Z" },
    { url = "https://files.pythonhosted.org/packages/61/8f/79002cb58a61dfbd2085de7d0a46311ef2476823e7938db80284cedd2428/coverage-7.11.3-cp314-cp314-musllinux_1_2_x86_64.whl", hash = "sha256:3224c7baf34e923ffc78cb45e793925539d640d42c96646db62dbd61bbcfa131", size = 249431, upload-time = "2025-11-10T00:12:40.354Z" },
    { url = "https://files.pythonhosted.org/packages/58/cc/d06685dae97468ed22999440f2f2f5060940ab0e7952a7295f236d98cce7/coverage-7.11.3-cp314-cp314-win32.whl", hash = "sha256:c713c1c528284d636cd37723b0b4c35c11190da6f932794e145fc40f8210a14a", size = 219508, upload-time = "2025-11-10T00:12:42.231Z" },
    { url = "https://files.pythonhosted.org/packages/5f/ed/770cd07706a3598c545f62d75adf2e5bd3791bffccdcf708ec383ad42559/coverage-7.11.3-cp314-cp314-win_amd64.whl", hash = "sha256:c381a252317f63ca0179d2c7918e83b99a4ff3101e1b24849b999a00f9cd4f86", size = 220325, upload-time = "2025-11-10T00:12:44.065Z" },
    { url = "https://files.pythonhosted.org/packages/ee/ac/6a1c507899b6fb1b9a56069954365f655956bcc648e150ce64c2b0ecbed8/coverage-7.11.3-cp314-cp314-win_arm64.whl", hash = "sha256:3e33a968672be1394eded257ec10d4acbb9af2ae263ba05a99ff901bb863557e", size = 218899, upload-time = "2025-11-10T00:12:46.18Z" },
    { url = "https://files.pythonhosted.org/packages/9a/58/142cd838d960cd740654d094f7b0300d7b81534bb7304437d2439fb685fb/coverage-7.11.3-cp314-cp314t-macosx_10_15_x86_64.whl", hash = "sha256:f9c96a29c6d65bd36a91f5634fef800212dff69dacdb44345c4c9783943ab0df", size = 217471, upload-time = "2025-11-10T00:12:48.392Z" },
    { url = "https://files.pythonhosted.org/packages/bc/2c/2f44d39eb33e41ab3aba80571daad32e0f67076afcf27cb443f9e5b5a3ee/coverage-7.11.3-cp314-cp314t-macosx_11_0_arm64.whl", hash = "sha256:2ec27a7a991d229213c8070d31e3ecf44d005d96a9edc30c78eaeafaa421c001", size = 217742, upload-time = "2025-11-10T00:12:50.182Z" },
    { url = "https://files.pythonhosted.org/packages/32/76/8ebc66c3c699f4de3174a43424c34c086323cd93c4930ab0f835731c443a/coverage-7.11.3-cp314-cp314t-manylinux1_i686.manylinux_2_28_i686.manylinux_2_5_i686.whl", hash = "sha256:72c8b494bd20ae1c58528b97c4a67d5cfeafcb3845c73542875ecd43924296de", size = 259120, upload-time = "2025-11-10T00:12:52.451Z" },
    { url = "https://files.pythonhosted.org/packages/19/89/78a3302b9595f331b86e4f12dfbd9252c8e93d97b8631500888f9a3a2af7/coverage-7.11.3-cp314-cp314t-manylinux1_x86_64.manylinux_2_28_x86_64.manylinux_2_5_x86_64.whl", hash = "sha256:60ca149a446da255d56c2a7a813b51a80d9497a62250532598d249b3cdb1a926", size = 261229, upload-time = "2025-11-10T00:12:54.667Z" },
    { url = "https://files.pythonhosted.org/packages/07/59/1a9c0844dadef2a6efac07316d9781e6c5a3f3ea7e5e701411e99d619bfd/coverage-7.11.3-cp314-cp314t-manylinux2014_aarch64.manylinux_2_17_aarch64.manylinux_2_28_aarch64.whl", hash = "sha256:eb5069074db19a534de3859c43eec78e962d6d119f637c41c8e028c5ab3f59dd", size = 263642, upload-time = "2025-11-10T00:12:56.841Z" },
    { url = "https://files.pythonhosted.org/packages/37/86/66c15d190a8e82eee777793cabde730640f555db3c020a179625a2ad5320/coverage-7.11.3-cp314-cp314t-manylinux_2_31_riscv64.manylinux_2_39_riscv64.whl", hash = "sha256:ac5d5329c9c942bbe6295f4251b135d860ed9f86acd912d418dce186de7c19ac", size = 258193, upload-time = "2025-11-10T00:12:58.687Z" },
    { url = "https://files.pythonhosted.org/packages/c7/c7/4a4aeb25cb6f83c3ec4763e5f7cc78da1c6d4ef9e22128562204b7f39390/coverage-7.11.3-cp314-cp314t-musllinux_1_2_aarch64.whl", hash = "sha256:e22539b676fafba17f0a90ac725f029a309eb6e483f364c86dcadee060429d46", size = 261107, upload-time = "2025-11-10T00:13:00.502Z" },
    { url = "https://files.pythonhosted.org/packages/ed/91/b986b5035f23cf0272446298967ecdd2c3c0105ee31f66f7e6b6948fd7f8/coverage-7.11.3-cp314-cp314t-musllinux_1_2_i686.whl", hash = "sha256:2376e8a9c889016f25472c452389e98bc6e54a19570b107e27cde9d47f387b64", size = 258717, upload-time = "2025-11-10T00:13:02.747Z" },
    { url = "https://files.pythonhosted.org/packages/f0/c7/6c084997f5a04d050c513545d3344bfa17bd3b67f143f388b5757d762b0b/coverage-7.11.3-cp314-cp314t-musllinux_1_2_riscv64.whl", hash = "sha256:4234914b8c67238a3c4af2bba648dc716aa029ca44d01f3d51536d44ac16854f", size = 257541, upload-time = "2025-11-10T00:13:04.689Z" },
    { url = "https://files.pythonhosted.org/packages/3b/c5/38e642917e406930cb67941210a366ccffa767365c8f8d9ec0f465a8b218/coverage-7.11.3-cp314-cp314t-musllinux_1_2_x86_64.whl", hash = "sha256:f0b4101e2b3c6c352ff1f70b3a6fcc7c17c1ab1a91ccb7a33013cb0782af9820", size = 259872, upload-time = "2025-11-10T00:13:06.559Z" },
    { url = "https://files.pythonhosted.org/packages/b7/67/5e812979d20c167f81dbf9374048e0193ebe64c59a3d93d7d947b07865fa/coverage-7.11.3-cp314-cp314t-win32.whl", hash = "sha256:305716afb19133762e8cf62745c46c4853ad6f9eeba54a593e373289e24ea237", size = 220289, upload-time = "2025-11-10T00:13:08.635Z" },
    { url = "https://files.pythonhosted.org/packages/24/3a/b72573802672b680703e0df071faadfab7dcd4d659aaaffc4626bc8bbde8/coverage-7.11.3-cp314-cp314t-win_amd64.whl", hash = "sha256:9245bd392572b9f799261c4c9e7216bafc9405537d0f4ce3ad93afe081a12dc9", size = 221398, upload-time = "2025-11-10T00:13:10.734Z" },
    { url = "https://files.pythonhosted.org/packages/f8/4e/649628f28d38bad81e4e8eb3f78759d20ac173e3c456ac629123815feb40/coverage-7.11.3-cp314-cp314t-win_arm64.whl", hash = "sha256:9a1d577c20b4334e5e814c3d5fe07fa4a8c3ae42a601945e8d7940bab811d0bd", size = 219435, upload-time = "2025-11-10T00:13:12.712Z" },
    { url = "https://files.pythonhosted.org/packages/19/8f/92bdd27b067204b99f396a1414d6342122f3e2663459baf787108a6b8b84/coverage-7.11.3-py3-none-any.whl", hash = "sha256:351511ae28e2509c8d8cae5311577ea7dd511ab8e746ffc8814a0896c3d33fbe", size = 208478, upload-time = "2025-11-10T00:13:14.908Z" },
]

[[package]]
name = "iniconfig"
version = "2.3.0"
source = { registry = "https://pypi.org/simple" }
sdist = { url = "https://files.pythonhosted.org/packages/72/34/14ca021ce8e5dfedc35312d08ba8bf51fdd999c576889fc2c24cb97f4f10/iniconfig-2.3.0.tar.gz", hash = "sha256:c76315c77db068650d49c5b56314774a7804df16fee4402c1f19d6d15d8c4730", size = 20503, upload-time = "2025-10-18T21:55:43.219Z" }
wheels = [
    { url = "https://files.pythonhosted.org/packages/cb/b1/3846dd7f199d53cb17f49cba7e651e9ce294d8497c8c150530ed11865bb8/iniconfig-2.3.0-py3-none-any.whl", hash = "sha256:f631c04d2c48c52b84d0d0549c99ff3859c98df65b3101406327ecc7d53fbf12", size = 7484, upload-time = "2025-10-18T21:55:41.639Z" },
]

[[package]]
name = "mysql-connector-python"
version = "9.5.0"
source = { registry = "https://pypi.org/simple" }
sdist = { url = "https://files.pythonhosted.org/packages/39/33/b332b001bc8c5ee09255a0d4b09a254da674450edd6a3e5228b245ca82a0/mysql_connector_python-9.5.0.tar.gz", hash = "sha256:92fb924285a86d8c146ebd63d94f9eaefa548da7813bc46271508fdc6cc1d596", size = 12251077, upload-time = "2025-10-22T09:05:45.423Z" }
wheels = [
    { url = "https://files.pythonhosted.org/packages/02/89/167ebee82f4b01ba7339c241c3cc2518886a2be9f871770a1efa81b940a0/mysql_connector_python-9.5.0-cp312-cp312-macosx_14_0_arm64.whl", hash = "sha256:a72c2ef9d50b84f3c567c31b3bf30901af740686baa2a4abead5f202e0b7ea61", size = 17581904, upload-time = "2025-10-22T09:01:53.21Z" },
    { url = "https://files.pythonhosted.org/packages/67/46/630ca969ce10b30fdc605d65dab4a6157556d8cc3b77c724f56c2d83cb79/mysql_connector_python-9.5.0-cp312-cp312-macosx_14_0_x86_64.whl", hash = "sha256:bd9ba5a946cfd3b3b2688a75135357e862834b0321ed936fd968049be290872b", size = 18448195, upload-time = "2025-10-22T09:01:55.378Z" },
    { url = "https://files.pythonhosted.org/packages/f6/87/4c421f41ad169d8c9065ad5c46673c7af889a523e4899c1ac1d6bfd37262/mysql_connector_python-9.5.0-cp312-cp312-manylinux_2_28_aarch64.whl", hash = "sha256:5ef7accbdf8b5f6ec60d2a1550654b7e27e63bf6f7b04020d5fb4191fb02bc4d", size = 33668638, upload-time = "2025-10-22T09:01:57.896Z" },
    { url = "https://files.pythonhosted.org/packages/a6/01/67cf210d50bfefbb9224b9a5c465857c1767388dade1004c903c8e22a991/mysql_connector_python-9.5.0-cp312-cp312-manylinux_2_28_x86_64.whl", hash = "sha256:a6e0a4a0274d15e3d4c892ab93f58f46431222117dba20608178dfb2cc4d5fd8", size = 34102899, upload-time = "2025-10-22T09:02:00.291Z" },
    { url = "https://files.pythonhosted.org/packages/cd/ef/3d1a67d503fff38cc30e11d111cf28f0976987fb175f47b10d44494e1080/mysql_connector_python-9.5.0-cp312-cp312-win_amd64.whl", hash = "sha256:b6c69cb37600b7e22f476150034e2afbd53342a175e20aea887f8158fc5e3ff6", size = 16512684, upload-time = "2025-10-22T09:02:02.411Z" },
    { url = "https://files.pythonhosted.org/packages/72/18/f221aeac49ce94ac119a427afbd51fe1629d48745b571afc0de49647b528/mysql_connector_python-9.5.0-cp313-cp313-macosx_14_0_arm64.whl", hash = "sha256:1f5f7346b0d5edb2e994c1bd77b3f5eed88b0ca368ad6788d1012c7e56d7bf68", size = 17581933, upload-time = "2025-10-22T09:02:04.396Z" },
    { url = "https://files.pythonhosted.org/packages/de/8e/14d44db7353350006a12e46d61c3a995bba06acd7547fc78f9bb32611e0c/mysql_connector_python-9.5.0-cp313-cp313-macosx_14_0_x86_64.whl", hash = "sha256:07bf52591b4215cb4318b4617c327a6d84c31978c11e3255f01a627bcda2618e", size = 18448446, upload-time = "2025-10-22T09:02:06.399Z" },
    { url = "https://files.pythonhosted.org/packages/6b/f5/ab306f292a99bff3544ff44ad53661a031dc1a11e5b1ad64b9e5b5290ef9/mysql_connector_python-9.5.0-cp313-cp313-manylinux_2_28_aarch64.whl", hash = "sha256:8972c1f960b30d487f34f9125ec112ea2b3200bd02c53e5e32ee7a43be6d64c1", size = 33668933, upload-time = "2025-10-22T09:02:08.785Z" },
    { url = "https://files.pythonhosted.org/packages/e8/ee/d146d2642552ebb5811cf551f06aca7da536c80b18fb6c75bdbc29723388/mysql_connector_python-9.5.0-cp313-cp313-manylinux_2_28_x86_64.whl", hash = "sha256:f6d32d7aa514d2f6f8709ba1e018314f82ab2acea2e6af30d04c1906fe9171b9", size = 34103214, upload-time = "2025-10-22T09:02:11.657Z" },
    { url = "https://files.pythonhosted.org/packages/e7/f8/5e88e5eda1fe58f7d146b73744f691d85dce76fb42e7ce3de53e49911da3/mysql_connector_python-9.5.0-cp313-cp313-win_amd64.whl", hash = "sha256:edd47048eb65c196b28aa9d2c0c6a017d8ca084a9a7041cd317301c829eb5a05", size = 16512689, upload-time = "2025-10-22T09:02:14.167Z" },
    { url = "https://files.pythonhosted.org/packages/14/42/52bef145028af1b8e633eb77773278a04b2cd9f824117209aba093018445/mysql_connector_python-9.5.0-cp314-cp314-macosx_14_0_arm64.whl", hash = "sha256:6effda35df1a96d9a096f04468d40f2324ea36b34d0e9632e81daae8be97b308", size = 17581903, upload-time = "2025-10-22T09:02:16.441Z" },
    { url = "https://files.pythonhosted.org/packages/f4/a6/bd800b42bde86bf2e9468dfabcbd7538c66daff9d1a9fc97d2cc897f96fa/mysql_connector_python-9.5.0-cp314-cp314-macosx_14_0_x86_64.whl", hash = "sha256:fd057bd042464eedbf5337d1ceea7f2a4ab075a1cf6d1d62ffd5184966a656dd", size = 18448394, upload-time = "2025-10-22T09:02:18.436Z" },
    { url = "https://files.pythonhosted.org/packages/4a/21/a1a3247775d0dfee094499cb915560755eaa1013ac3b03e34a98b0e16e49/mysql_connector_python-9.5.0-cp314-cp314-manylinux_2_28_aarch64.whl", hash = "sha256:2797dd7bbefb1d1669d984cfb284ea6b34401bbd9c1b3bf84e646d0bd3a82197", size = 33669845, upload-time = "2025-10-22T09:02:20.966Z" },
    { url = "https://files.pythonhosted.org/packages/58/b7/dcab48349ab8abafd6f40f113101549e0cf107e43dd9c7e1fae79799604b/mysql_connector_python-9.5.0-cp314-cp314-manylinux_2_28_x86_64.whl", hash = "sha256:a5fff063ed48281b7374a4da6b9ef4293d390c153f79b1589ee547ea08c92310", size = 34104103, upload-time = "2025-10-22T09:02:23.469Z" },
    { url = "https://files.pythonhosted.org/packages/21/3a/be129764fe5f5cd89a5aa3f58e7a7471284715f4af71097a980d24ebec0a/mysql_connector_python-9.5.0-cp314-cp314-win_amd64.whl", hash = "sha256:56104693478fd447886c470a6d0558ded0fe2577df44c18232a6af6a2bbdd3e9", size = 17001255, upload-time = "2025-10-22T09:02:25.765Z" },
    { url = "https://files.pythonhosted.org/packages/95/e1/45373c06781340c7b74fe9b88b85278ac05321889a307eaa5be079a997d4/mysql_connector_python-9.5.0-py2.py3-none-any.whl", hash = "sha256:ace137b88eb6fdafa1e5b2e03ac76ce1b8b1844b3a4af1192a02ae7c1a45bdee", size = 479047, upload-time = "2025-10-22T09:02:27.809Z" },
]

[[package]]
name = "packaging"
version = "25.0"
source = { registry = "https://pypi.org/simple" }
sdist = { url = "https://files.pythonhosted.org/packages/a1/d4/1fc4078c65507b51b96ca8f8c3ba19e6a61c8253c72794544580a7b6c24d/packaging-25.0.tar.gz", hash = "sha256:d443872c98d677bf60f6a1f2f8c1cb748e8fe762d2bf9d3148b5599295b0fc4f", size = 165727, upload-time = "2025-04-19T11:48:59.673Z" }
wheels = [
    { url = "https://files.pythonhosted.org/packages/20/12/38679034af332785aac8774540895e234f4d07f7545804097de4b666afd8/packaging-25.0-py3-none-any.whl", hash = "sha256:29572ef2b1f17581046b3a2227d5c611fb25ec70ca1ba8554b24b0e69331a484", size = 66469, upload-time = "2025-04-19T11:48:57.875Z" },
]

[[package]]
name = "pluggy"
version = "1.6.0"
source = { registry = "https://pypi.org/simple" }
sdist = { url = "https://files.pythonhosted.org/packages/f9/e2/3e91f31a7d2b083fe6ef3fa267035b518369d9511ffab804f839851d2779/pluggy-1.6.0.tar.gz", hash = "sha256:7dcc130b76258d33b90f61b658791dede3486c3e6bfb003ee5c9bfb396dd22f3", size = 69412, upload-time = "2025-05-15T12:30:07.975Z" }
wheels = [
    { url = "https://files.pythonhosted.org/packages/54/20/4d324d65cc6d9205fabedc306948156824eb9f0ee1633355a8f7ec5c66bf/pluggy-1.6.0-py3-none-any.whl", hash = "sha256:e920276dd6813095e9377c0bc5566d94c932c33b27a3e3945d8389c374dd4746", size = 20538, upload-time = "2025-05-15T12:30:06.134Z" },
]

[[package]]
name = "py-vetlog-analyzer"
version = "1.2.1"
source = { editable = "." }
dependencies = [
    { name = "coverage" },
    { name = "mysql-connector-python" },
    { name = "pymox" },
    { name = "pytest" },
    { name = "python-dotenv" },
    { name = "ruff" },
]

[package.metadata]
requires-dist = [
    { name = "coverage", specifier = ">=7.11.3" },
    { name = "mysql-connector-python", specifier = ">=9.5.0" },
    { name = "pymox", specifier = ">=1.4.1" },
    { name = "pytest", specifier = ">=9.0.1" },
    { name = "python-dotenv", specifier = ">=1.2.1" },
    { name = "ruff", specifier = ">=0.14.5" },
]

[[package]]
name = "pygments"
version = "2.19.2"
source = { registry = "https://pypi.org/simple" }
sdist = { url = "https://files.pythonhosted.org/packages/b0/77/a5b8c569bf593b0140bde72ea885a803b82086995367bf2037de0159d924/pygments-2.19.2.tar.gz", hash = "sha256:636cb2477cec7f8952536970bc533bc43743542f70392ae026374600add5b887", size = 4968631, upload-time = "2025-06-21T13:39:12.283Z" }
wheels = [
    { url = "https://files.pythonhosted.org/packages/c7/21/705964c7812476f378728bdf590ca4b771ec72385c533964653c68e86bdc/pygments-2.19.2-py3-none-any.whl", hash = "sha256:86540386c03d588bb81d44bc3928634ff26449851e99741617ecb9037ee5ec0b", size = 1225217, upload-time = "2025-06-21T13:39:07.939Z" },
]

[[package]]
name = "pymox"
version = "1.4.1"
source = { registry = "https://pypi.org/simple" }
sdist = { url = "https://files.pythonhosted.org/packages/09/e3/ffea23dd31b664f4edb401b54e8e496926b8f09e5c0f32f197b1d7154b6d/pymox-1.4.1.tar.gz", hash = "sha256:9d406f9b5456748492762e1b381ec9714c1c10f35d675ec1da99ab04dfbb78c1", size = 30856, upload-time = "2024-01-27T15:56:43.894Z" }
wheels = [
    { url = "https://files.pythonhosted.org/packages/68/b9/76980b227b97984cdbdf0a345a0da22a193ac3118cbaffcec18ab96d60f7/pymox-1.4.1-py2.py3-none-any.whl", hash = "sha256:15fc530d746b11b15db0a75b8b0f6fc8b0ee81570772cdcff614e7d869b91795", size = 34068, upload-time = "2024-01-27T15:56:42.108Z" },
]

[[package]]
name = "pytest"
version = "9.0.1"
source = { registry = "https://pypi.org/simple" }
dependencies = [
    { name = "colorama", marker = "sys_platform == 'win32'" },
    { name = "iniconfig" },
    { name = "packaging" },
    { name = "pluggy" },
    { name = "pygments" },
]
sdist = { url = "https://files.pythonhosted.org/packages/07/56/f013048ac4bc4c1d9be45afd4ab209ea62822fb1598f40687e6bf45dcea4/pytest-9.0.1.tar.gz", hash = "sha256:3e9c069ea73583e255c3b21cf46b8d3c56f6e3a1a8f6da94ccb0fcf57b9d73c8", size = 1564125, upload-time = "2025-11-12T13:05:09.333Z" }
wheels = [
    { url = "https://files.pythonhosted.org/packages/0b/8b/6300fb80f858cda1c51ffa17075df5d846757081d11ab4aa35cef9e6258b/pytest-9.0.1-py3-none-any.whl", hash = "sha256:67be0030d194df2dfa7b556f2e56fb3c3315bd5c8822c6951162b92b32ce7dad", size = 373668, upload-time = "2025-11-12T13:05:07.379Z" },
]

[[package]]
name = "python-dotenv"
version = "1.2.1"
source = { registry = "https://pypi.org/simple" }
sdist = { url = "https://files.pythonhosted.org/packages/f0/26/19cadc79a718c5edbec86fd4919a6b6d3f681039a2f6d66d14be94e75fb9/python_dotenv-1.2.1.tar.gz", hash = "sha256:42667e897e16ab0d66954af0e60a9caa94f0fd4ecf3aaf6d2d260eec1aa36ad6", size = 44221, upload-time = "2025-10-26T15:12:10.434Z" }
wheels = [
    { url = "https://files.pythonhosted.org/packages/14/1b/a298b06749107c305e1fe0f814c6c74aea7b2f1e10989cb30f544a1b3253/python_dotenv-1.2.1-py3-none-any.whl", hash = "sha256:b81ee9561e9ca4004139c6cbba3a238c32b03e4894671e181b671e8cb8425d61", size = 21230, upload-time = "2025-10-26T15:12:09.109Z" },
]

[[package]]
name = "ruff"
version = "0.14.5"
source = { registry = "https://pypi.org/simple" }
sdist = { url = "https://files.pythonhosted.org/packages/82/fa/fbb67a5780ae0f704876cb8ac92d6d76da41da4dc72b7ed3565ab18f2f52/ruff-0.14.5.tar.gz", hash = "sha256:8d3b48d7d8aad423d3137af7ab6c8b1e38e4de104800f0d596990f6ada1a9fc1", size = 5615944, upload-time = "2025-11-13T19:58:51.155Z" }
wheels = [
    { url = "https://files.pythonhosted.org/packages/68/31/c07e9c535248d10836a94e4f4e8c5a31a1beed6f169b31405b227872d4f4/ruff-0.14.5-py3-none-linux_armv6l.whl", hash = "sha256:f3b8248123b586de44a8018bcc9fefe31d23dda57a34e6f0e1e53bd51fd63594", size = 13171630, upload-time = "2025-11-13T19:57:54.894Z" },
    { url = "https://files.pythonhosted.org/packages/8e/5c/283c62516dca697cd604c2796d1487396b7a436b2f0ecc3fd412aca470e0/ruff-0.14.5-py3-none-macosx_10_12_x86_64.whl", hash = "sha256:f7a75236570318c7a30edd7f5491945f0169de738d945ca8784500b517163a72", size = 13413925, upload-time = "2025-11-13T19:57:59.181Z" },
    { url = "https://files.pythonhosted.org/packages/b6/f3/aa319f4afc22cb6fcba2b9cdfc0f03bbf747e59ab7a8c5e90173857a1361/ruff-0.14.5-py3-none-macosx_11_0_arm64.whl", hash = "sha256:6d146132d1ee115f8802356a2dc9a634dbf58184c51bff21f313e8cd1c74899a", size = 12574040, upload-time = "2025-11-13T19:58:02.056Z" },
    { url = "https://files.pythonhosted.org/packages/f9/7f/cb5845fcc7c7e88ed57f58670189fc2ff517fe2134c3821e77e29fd3b0c8/ruff-0.14.5-py3-none-manylinux_2_17_aarch64.manylinux2014_aarch64.whl", hash = "sha256:e2380596653dcd20b057794d55681571a257a42327da8894b93bbd6111aa801f", size = 13009755, upload-time = "2025-11-13T19:58:05.172Z" },
    { url = "https://files.pythonhosted.org/packages/21/d2/bcbedbb6bcb9253085981730687ddc0cc7b2e18e8dc13cf4453de905d7a0/ruff-0.14.5-py3-none-manylinux_2_17_armv7l.manylinux2014_armv7l.whl", hash = "sha256:2d1fa985a42b1f075a098fa1ab9d472b712bdb17ad87a8ec86e45e7fa6273e68", size = 12937641, upload-time = "2025-11-13T19:58:08.345Z" },
    { url = "https://files.pythonhosted.org/packages/a4/58/e25de28a572bdd60ffc6bb71fc7fd25a94ec6a076942e372437649cbb02a/ruff-0.14.5-py3-none-manylinux_2_17_i686.manylinux2014_i686.whl", hash = "sha256:88f0770d42b7fa02bbefddde15d235ca3aa24e2f0137388cc15b2dcbb1f7c7a7", size = 13610854, upload-time = "2025-11-13T19:58:11.419Z" },
    { url = "https://files.pythonhosted.org/packages/7d/24/43bb3fd23ecee9861970978ea1a7a63e12a204d319248a7e8af539984280/ruff-0.14.5-py3-none-manylinux_2_17_ppc64.manylinux2014_ppc64.whl", hash = "sha256:3676cb02b9061fee7294661071c4709fa21419ea9176087cb77e64410926eb78", size = 15061088, upload-time = "2025-11-13T19:58:14.551Z" },
    { url = "https://files.pythonhosted.org/packages/23/44/a022f288d61c2f8c8645b24c364b719aee293ffc7d633a2ca4d116b9c716/ruff-0.14.5-py3-none-manylinux_2_17_ppc64le.manylinux2014_ppc64le.whl", hash = "sha256:b595bedf6bc9cab647c4a173a61acf4f1ac5f2b545203ba82f30fcb10b0318fb", size = 14734717, upload-time = "2025-11-13T19:58:17.518Z" },
    { url = "https://files.pythonhosted.org/packages/58/81/5c6ba44de7e44c91f68073e0658109d8373b0590940efe5bd7753a2585a3/ruff-0.14.5-py3-none-manylinux_2_17_s390x.manylinux2014_s390x.whl", hash = "sha256:f55382725ad0bdb2e8ee2babcbbfb16f124f5a59496a2f6a46f1d9d99d93e6e2", size = 14028812, upload-time = "2025-11-13T19:58:20.533Z" },
    { url = "https://files.pythonhosted.org/packages/ad/ef/41a8b60f8462cb320f68615b00299ebb12660097c952c600c762078420f8/ruff-0.14.5-py3-none-manylinux_2_17_x86_64.manylinux2014_x86_64.whl", hash = "sha256:7497d19dce23976bdaca24345ae131a1d38dcfe1b0850ad8e9e6e4fa321a6e19", size = 13825656, upload-time = "2025-11-13T19:58:23.345Z" },
    { url = "https://files.pythonhosted.org/packages/7c/00/207e5de737fdb59b39eb1fac806904fe05681981b46d6a6db9468501062e/ruff-0.14.5-py3-none-manylinux_2_31_riscv64.whl", hash = "sha256:410e781f1122d6be4f446981dd479470af86537fb0b8857f27a6e872f65a38e4", size = 13959922, upload-time = "2025-11-13T19:58:26.537Z" },
    { url = "https://files.pythonhosted.org/packages/bc/7e/fa1f5c2776db4be405040293618846a2dece5c70b050874c2d1f10f24776/ruff-0.14.5-py3-none-musllinux_1_2_aarch64.whl", hash = "sha256:c01be527ef4c91a6d55e53b337bfe2c0f82af024cc1a33c44792d6844e2331e1", size = 12932501, upload-time = "2025-11-13T19:58:29.822Z" },
    { url = "https://files.pythonhosted.org/packages/67/d8/d86bf784d693a764b59479a6bbdc9515ae42c340a5dc5ab1dabef847bfaa/ruff-0.14.5-py3-none-musllinux_1_2_armv7l.whl", hash = "sha256:f66e9bb762e68d66e48550b59c74314168ebb46199886c5c5aa0b0fbcc81b151", size = 12927319, upload-time = "2025-11-13T19:58:32.923Z" },
    { url = "https://files.pythonhosted.org/packages/ac/de/ee0b304d450ae007ce0cb3e455fe24fbcaaedae4ebaad6c23831c6663651/ruff-0.14.5-py3-none-musllinux_1_2_i686.whl", hash = "sha256:d93be8f1fa01022337f1f8f3bcaa7ffee2d0b03f00922c45c2207954f351f465", size = 13206209, upload-time = "2025-11-13T19:58:35.952Z" },
    { url = "https://files.pythonhosted.org/packages/33/aa/193ca7e3a92d74f17d9d5771a765965d2cf42c86e6f0fd95b13969115723/ruff-0.14.5-py3-none-musllinux_1_2_x86_64.whl", hash = "sha256:c135d4b681f7401fe0e7312017e41aba9b3160861105726b76cfa14bc25aa367", size = 13953709, upload-time = "2025-11-13T19:58:39.002Z" },
    { url = "https://files.pythonhosted.org/packages/cc/f1/7119e42aa1d3bf036ffc9478885c2e248812b7de9abea4eae89163d2929d/ruff-0.14.5-py3-none-win32.whl", hash = "sha256:c83642e6fccfb6dea8b785eb9f456800dcd6a63f362238af5fc0c83d027dd08b", size = 12925808, upload-time = "2025-11-13T19:58:42.779Z" },
    { url = "https://files.pythonhosted.org/packages/3b/9d/7c0a255d21e0912114784e4a96bf62af0618e2190cae468cd82b13625ad2/ruff-0.14.5-py3-none-win_amd64.whl", hash = "sha256:9d55d7af7166f143c94eae1db3312f9ea8f95a4defef1979ed516dbb38c27621", size = 14331546, upload-time = "2025-11-13T19:58:45.691Z" },
    { url = "https://files.pythonhosted.org/packages/e5/80/69756670caedcf3b9be597a6e12276a6cf6197076eb62aad0c608f8efce0/ruff-0.14.5-py3-none-win_arm64.whl", hash = "sha256:4b700459d4649e2594b31f20a9de33bc7c19976d4746d8d0798ad959621d64a4", size = 13433331, upload-time = "2025-11-13T19:58:48.434Z" },
]
